
Microsoft Visual Studio Solution File, Format Version 12.00
# Visual Studio Version 17
VisualStudioVersion = 17.0.31903.59
MinimumVisualStudioVersion = 10.0.40219.1
Project("{2150E333-8FDC-42A3-9474-1A3956D46DE8}") = "backend", "backend", "{1AE8ACA6-933B-BF2A-3671-3E2EAC007D16}"
EndProject
Project("{2150E333-8FDC-42A3-9474-1A3956D46DE8}") = "src", "src", "{0F9113EE-888A-26D2-68B0-4A7D0A2A8745}"
EndProject
Project("{FAE04EC0-301F-11D3-BF4B-00C04F79EFBC}") = "NextRoleAI.Api", "backend\src\NextRoleAI.Api\NextRoleAI.Api.csproj", "{CF7B363D-A0B5-478E-B2B6-C1E74F8BB5B5}"
EndProject
Project("{FAE04EC0-301F-11D3-BF4B-00C04F79EFBC}") = "NextRoleAI.Domain", "backend\src\NextRoleAI.Domain\NextRoleAI.Domain.csproj", "{FAA2158A-3BF9-4C9E-943C-12964C1318D4}"
EndProject
Project("{FAE04EC0-301F-11D3-BF4B-00C04F79EFBC}") = "NextRoleAI.Application", "backend\src\NextRoleAI.Application\NextRoleAI.Application.csproj", "{37AC1EA1-C2E0-4E47-B319-7EF8CA750482}"
EndProject
Project("{FAE04EC0-301F-11D3-BF4B-00C04F79EFBC}") = "NextRoleAI.Infrastructure", "backend\src\NextRoleAI.Infrastructure\NextRoleAI.Infrastructure.csproj", "{634A4A95-C2AC-4867-B755-CDD0F18C8AFE}"
EndProject
Project("{FAE04EC0-301F-11D3-BF4B-00C04F79EFBC}") = "NextRoleAI.AgenticAI", "backend\src\NextRoleAI.AgenticAI\NextRoleAI.AgenticAI.csproj", "{714482FA-B63D-4EB7-ABD8-0B5F88B5D7B9}"
EndProject
Project("{2150E333-8FDC-42A3-9474-1A3956D46DE8}") = "tests", "tests", "{F57642F3-C37C-D174-720E-6A6AAD5BEE22}"
EndProject
Project("{FAE04EC0-301F-11D3-BF4B-00C04F79EFBC}") = "NextRoleAI.Api.Tests", "backend\tests\NextRoleAI.Api.Tests\NextRoleAI.Api.Tests.csproj", "{E53B07BB-E511-4D06-93D2-6A5072375691}"
EndProject
Project("{FAE04EC0-301F-11D3-BF4B-00C04F79EFBC}") = "NextRoleAI.IntegrationTests", "backend\tests\NextRoleAI.IntegrationTests\NextRoleAI.IntegrationTests.csproj", "{5961A518-35C3-45C2-9C69-78182B7601BE}"
EndProject
Global
	GlobalSection(SolutionConfigurationPlatforms) = preSolution
		Debug|Any CPU = Debug|Any CPU
		Debug|x64 = Debug|x64
		Debug|x86 = Debug|x86
		Release|Any CPU = Release|Any CPU
		Release|x64 = Release|x64
		Release|x86 = Release|x86
	EndGlobalSection
	GlobalSection(ProjectConfigurationPlatforms) = postSolution
		{CF7B363D-A0B5-478E-B2B6-C1E74F8BB5B5}.Debug|Any CPU.ActiveCfg = Debug|Any CPU
		{CF7B363D-A0B5-478E-B2B6-C1E74F8BB5B5}.Debug|Any CPU.Build.0 = Debug|Any CPU
		{CF7B363D-A0B5-478E-B2B6-C1E74F8BB5B5}.Debug|x64.ActiveCfg = Debug|Any CPU
		{CF7B363D-A0B5-478E-B2B6-C1E74F8BB5B5}.Debug|x64.Build.0 = Debug|Any CPU
		{CF7B363D-A0B5-478E-B2B6-C1E74F8BB5B5}.Debug|x86.ActiveCfg = Debug|Any CPU
		{CF7B363D-A0B5-478E-B2B6-C1E74F8BB5B5}.Debug|x86.Build.0 = Debug|Any CPU
		{CF7B363D-A0B5-478E-B2B6-C1E74F8BB5B5}.Release|Any CPU.ActiveCfg = Release|Any CPU
		{CF7B363D-A0B5-478E-B2B6-C1E74F8BB5B5}.Release|Any CPU.Build.0 = Release|Any CPU
		{CF7B363D-A0B5-478E-B2B6-C1E74F8BB5B5}.Release|x64.ActiveCfg = Release|Any CPU
		{CF7B363D-A0B5-478E-B2B6-C1E74F8BB5B5}.Release|x64.Build.0 = Release|Any CPU
		{CF7B363D-A0B5-478E-B2B6-C1E74F8BB5B5}.Release|x86.ActiveCfg = Release|Any CPU
		{CF7B363D-A0B5-478E-B2B6-C1E74F8BB5B5}.Release|x86.Build.0 = Release|Any CPU
		{FAA2158A-3BF9-4C9E-943C-12964C1318D4}.Debug|Any CPU.ActiveCfg = Debug|Any CPU
		{FAA2158A-3BF9-4C9E-943C-12964C1318D4}.Debug|Any CPU.Build.0 = Debug|Any CPU
		{FAA2158A-3BF9-4C9E-943C-12964C1318D4}.Debug|x64.ActiveCfg = Debug|Any CPU
		{FAA2158A-3BF9-4C9E-943C-12964C1318D4}.Debug|x64.Build.0 = Debug|Any CPU
		{FAA2158A-3BF9-4C9E-943C-12964C1318D4}.Debug|x86.ActiveCfg = Debug|Any CPU
		{FAA2158A-3BF9-4C9E-943C-12964C1318D4}.Debug|x86.Build.0 = Debug|Any CPU
		{FAA2158A-3BF9-4C9E-943C-12964C1318D4}.Release|Any CPU.ActiveCfg = Release|Any CPU
		{FAA2158A-3BF9-4C9E-943C-12964C1318D4}.Release|Any CPU.Build.0 = Release|Any CPU
		{FAA2158A-3BF9-4C9E-943C-12964C1318D4}.Release|x64.ActiveCfg = Release|Any CPU
		{FAA2158A-3BF9-4C9E-943C-12964C1318D4}.Release|x64.Build.0 = Release|Any CPU
		{FAA2158A-3BF9-4C9E-943C-12964C1318D4}.Release|x86.ActiveCfg = Release|Any CPU
		{FAA2158A-3BF9-4C9E-943C-12964C1318D4}.Release|x86.Build.0 = Release|Any CPU
		{37AC1EA1-C2E0-4E47-B319-7EF8CA750482}.Debug|Any CPU.ActiveCfg = Debug|Any CPU
		{37AC1EA1-C2E0-4E47-B319-7EF8CA750482}.Debug|Any CPU.Build.0 = Debug|Any CPU
		{37AC1EA1-C2E0-4E47-B319-7EF8CA750482}.Debug|x64.ActiveCfg = Debug|Any CPU
		{37AC1EA1-C2E0-4E47-B319-7EF8CA750482}.Debug|x64.Build.0 = Debug|Any CPU
		{37AC1EA1-C2E0-4E47-B319-7EF8CA750482}.Debug|x86.ActiveCfg = Debug|Any CPU
		{37AC1EA1-C2E0-4E47-B319-7EF8CA750482}.Debug|x86.Build.0 = Debug|Any CPU
		{37AC1EA1-C2E0-4E47-B319-7EF8CA750482}.Release|Any CPU.ActiveCfg = Release|Any CPU
		{37AC1EA1-C2E0-4E47-B319-7EF8CA750482}.Release|Any CPU.Build.0 = Release|Any CPU
		{37AC1EA1-C2E0-4E47-B319-7EF8CA750482}.Release|x64.ActiveCfg = Release|Any CPU
		{37AC1EA1-C2E0-4E47-B319-7EF8CA750482}.Release|x64.Build.0 = Release|Any CPU
		{37AC1EA1-C2E0-4E47-B319-7EF8CA750482}.Release|x86.ActiveCfg = Release|Any CPU
		{37AC1EA1-C2E0-4E47-B319-7EF8CA750482}.Release|x86.Build.0 = Release|Any CPU
		{634A4A95-C2AC-4867-B755-CDD0F18C8AFE}.Debug|Any CPU.ActiveCfg = Debug|Any CPU
		{634A4A95-C2AC-4867-B755-CDD0F18C8AFE}.Debug|Any CPU.Build.0 = Debug|Any CPU
		{634A4A95-C2AC-4867-B755-CDD0F18C8AFE}.Debug|x64.ActiveCfg = Debug|Any CPU
		{634A4A95-C2AC-4867-B755-CDD0F18C8AFE}.Debug|x64.Build.0 = Debug|Any CPU
		{634A4A95-C2AC-4867-B755-CDD0F18C8AFE}.Debug|x86.ActiveCfg = Debug|Any CPU
		{634A4A95-C2AC-4867-B755-CDD0F18C8AFE}.Debug|x86.Build.0 = Debug|Any CPU
		{634A4A95-C2AC-4867-B755-CDD0F18C8AFE}.Release|Any CPU.ActiveCfg = Release|Any CPU
		{634A4A95-C2AC-4867-B755-CDD0F18C8AFE}.Release|Any CPU.Build.0 = Release|Any CPU
		{634A4A95-C2AC-4867-B755-CDD0F18C8AFE}.Release|x64.ActiveCfg = Release|Any CPU
		{634A4A95-C2AC-4867-B755-CDD0F18C8AFE}.Release|x64.Build.0 = Release|Any CPU
		{634A4A95-C2AC-4867-B755-CDD0F18C8AFE}.Release|x86.ActiveCfg = Release|Any CPU
		{634A4A95-C2AC-4867-B755-CDD0F18C8AFE}.Release|x86.Build.0 = Release|Any CPU
		{714482FA-B63D-4EB7-ABD8-0B5F88B5D7B9}.Debug|Any CPU.ActiveCfg = Debug|Any CPU
		{714482FA-B63D-4EB7-ABD8-0B5F88B5D7B9}.Debug|Any CPU.Build.0 = Debug|Any CPU
		{714482FA-B63D-4EB7-ABD8-0B5F88B5D7B9}.Debug|x64.ActiveCfg = Debug|Any CPU
		{714482FA-B63D-4EB7-ABD8-0B5F88B5D7B9}.Debug|x64.Build.0 = Debug|Any CPU
		{714482FA-B63D-4EB7-ABD8-0B5F88B5D7B9}.Debug|x86.ActiveCfg = Debug|Any CPU
		{714482FA-B63D-4EB7-ABD8-0B5F88B5D7B9}.Debug|x86.Build.0 = Debug|Any CPU
		{714482FA-B63D-4EB7-ABD8-0B5F88B5D7B9}.Release|Any CPU.ActiveCfg = Release|Any CPU
		{714482FA-B63D-4EB7-ABD8-0B5F88B5D7B9}.Release|Any CPU.Build.0 = Release|Any CPU
		{714482FA-B63D-4EB7-ABD8-0B5F88B5D7B9}.Release|x64.ActiveCfg = Release|Any CPU
		{714482FA-B63D-4EB7-ABD8-0B5F88B5D7B9}.Release|x64.Build.0 = Release|Any CPU
		{714482FA-B63D-4EB7-ABD8-0B5F88B5D7B9}.Release|x86.ActiveCfg = Release|Any CPU
		{714482FA-B63D-4EB7-ABD8-0B5F88B5D7B9}.Release|x86.Build.0 = Release|Any CPU
		{E53B07BB-E511-4D06-93D2-6A5072375691}.Debug|Any CPU.ActiveCfg = Debug|Any CPU
		{E53B07BB-E511-4D06-93D2-6A5072375691}.Debug|Any CPU.Build.0 = Debug|Any CPU
		{E53B07BB-E511-4D06-93D2-6A5072375691}.Debug|x64.ActiveCfg = Debug|Any CPU
		{E53B07BB-E511-4D06-93D2-6A5072375691}.Debug|x64.Build.0 = Debug|Any CPU
		{E53B07BB-E511-4D06-93D2-6A5072375691}.Debug|x86.ActiveCfg = Debug|Any CPU
		{E53B07BB-E511-4D06-93D2-6A5072375691}.Debug|x86.Build.0 = Debug|Any CPU
		{E53B07BB-E511-4D06-93D2-6A5072375691}.Release|Any CPU.ActiveCfg = Release|Any CPU
		{E53B07BB-E511-4D06-93D2-6A5072375691}.Release|Any CPU.Build.0 = Release|Any CPU
		{E53B07BB-E511-4D06-93D2-6A5072375691}.Release|x64.ActiveCfg = Release|Any CPU
		{E53B07BB-E511-4D06-93D2-6A5072375691}.Release|x64.Build.0 = Release|Any CPU
		{E53B07BB-E511-4D06-93D2-6A5072375691}.Release|x86.ActiveCfg = Release|Any CPU
		{E53B07BB-E511-4D06-93D2-6A5072375691}.Release|x86.Build.0 = Release|Any CPU
		{5961A518-35C3-45C2-9C69-78182B7601BE}.Debug|Any CPU.ActiveCfg = Debug|Any CPU
		{5961A518-35C3-45C2-9C69-78182B7601BE}.Debug|Any CPU.Build.0 = Debug|Any CPU
		{5961A518-35C3-45C2-9C69-78182B7601BE}.Debug|x64.ActiveCfg = Debug|Any CPU
		{5961A518-35C3-45C2-9C69-78182B7601BE}.Debug|x64.Build.0 = Debug|Any CPU
		{5961A518-35C3-45C2-9C69-78182B7601BE}.Debug|x86.ActiveCfg = Debug|Any CPU
		{5961A518-35C3-45C2-9C69-78182B7601BE}.Debug|x86.Build.0 = Debug|Any CPU
		{5961A518-35C3-45C2-9C69-78182B7601BE}.Release|Any CPU.ActiveCfg = Release|Any CPU
		{5961A518-35C3-45C2-9C69-78182B7601BE}.Release|Any CPU.Build.0 = Release|Any CPU
		{5961A518-35C3-45C2-9C69-78182B7601BE}.Release|x64.ActiveCfg = Release|Any CPU
		{5961A518-35C3-45C2-9C69-78182B7601BE}.Release|x64.Build.0 = Release|Any CPU
		{5961A518-35C3-45C2-9C69-78182B7601BE}.Release|x86.ActiveCfg = Release|Any CPU
		{5961A518-35C3-45C2-9C69-78182B7601BE}.Release|x86.Build.0 = Release|Any CPU
	EndGlobalSection
	GlobalSection(SolutionProperties) = preSolution
		HideSolutionNode = FALSE
	EndGlobalSection
	GlobalSection(NestedProjects) = preSolution
		{0F9113EE-888A-26D2-68B0-4A7D0A2A8745} = {1AE8ACA6-933B-BF2A-3671-3E2EAC007D16}
		{CF7B363D-A0B5-478E-B2B6-C1E74F8BB5B5} = {0F9113EE-888A-26D2-68B0-4A7D0A2A8745}
		{FAA2158A-3BF9-4C9E-943C-12964C1318D4} = {0F9113EE-888A-26D2-68B0-4A7D0A2A8745}
		{37AC1EA1-C2E0-4E47-B319-7EF8CA750482} = {0F9113EE-888A-26D2-68B0-4A7D0A2A8745}
		{634A4A95-C2AC-4867-B755-CDD0F18C8AFE} = {0F9113EE-888A-26D2-68B0-4A7D0A2A8745}
		{714482FA-B63D-4EB7-ABD8-0B5F88B5D7B9} = {0F9113EE-888A-26D2-68B0-4A7D0A2A8745}
		{F57642F3-C37C-D174-720E-6A6AAD5BEE22} = {1AE8ACA6-933B-BF2A-3671-3E2EAC007D16}
		{E53B07BB-E511-4D06-93D2-6A5072375691} = {F57642F3-C37C-D174-720E-6A6AAD5BEE22}
		{5961A518-35C3-45C2-9C69-78182B7601BE} = {F57642F3-C37C-D174-720E-6A6AAD5BEE22}
	EndGlobalSection
EndGlobal
